<?xml version="1.0" encoding="utf-8"?>
<Project ToolsVersion="4.0" xmlns="http://schemas.microsoft.com/developer/msbuild/2003">
  <ItemGroup>
    <Filter Include="源文件">
      <UniqueIdentifier>{4FC737F1-C7A5-4376-A066-2A32D752A2FF}</UniqueIdentifier>
      <Extensions>cpp;c;cc;cxx;c++;cppm;ixx;def;odl;idl;hpj;bat;asm;asmx</Extensions>
    </Filter>
    <Filter Include="头文件">
      <UniqueIdentifier>{93995380-89BD-4b04-88EB-625FBE52EBFB}</UniqueIdentifier>
      <Extensions>h;hh;hpp;hxx;h++;hm;inl;inc;ipp;xsd</Extensions>
    </Filter>
    <Filter Include="资源文件">
      <UniqueIdentifier>{67DA6AB6-F800-4c08-8B7A-83BB121AAD01}</UniqueIdentifier>
      <Extensions>rc;ico;cur;bmp;dlg;rc2;rct;bin;rgs;gif;jpg;jpeg;jpe;resx;tiff;tif;png;wav;mfcribbon-ms</Extensions>
    </Filter>
  </ItemGroup>
  <ItemGroup>
    <ClInclude Include="framework.h">
      <Filter>头文件</Filter>
    </ClInclude>
    <ClInclude Include="targetver.h">
      <Filter>头文件</Filter>
    </ClInclude>
    <ClInclude Include="Resource.h">
      <Filter>头文件</Filter>
    </ClInclude>
    <ClInclude Include="地牢.h">
      <Filter>头文件</Filter>
    </ClInclude>
  </ItemGroup>
  <ItemGroup>
    <ClCompile Include="地牢.cpp">
      <Filter>源文件</Filter>
    </ClCompile>
    <ClCompile Include="function.cpp">
      <Filter>源文件</Filter>
    </ClCompile>
    <ClCompile Include="map.cpp">
      <Filter>源文件</Filter>
    </ClCompile>
    <ClCompile Include="find.cpp">
      <Filter>源文件</Filter>
    </ClCompile>
  </ItemGroup>
  <ItemGroup>
    <ResourceCompile Include="地牢.rc">
      <Filter>资源文件</Filter>
    </ResourceCompile>
  </ItemGroup>
  <ItemGroup>
    <Image Include="small.ico">
      <Filter>资源文件</Filter>
    </Image>
    <Image Include="地牢.ico">
      <Filter>资源文件</Filter>
    </Image>
    <Image Include="Resource\PicResource.bmp">
      <Filter>资源文件</Filter>
    </Image>
    <Image Include="Resource\background.bmp">
      <Filter>资源文件</Filter>
    </Image>
    <Image Include="Resource\databg.bmp">
      <Filter>资源文件</Filter>
    </Image>
    <Image Include="Resource\PicResource1.bmp">
      <Filter>资源文件</Filter>
    </Image>
    <Image Include="Resource\钥匙.bmp">
      <Filter>资源文件</Filter>
    </Image>
    <Image Include="Resource\钥匙红.bmp">
      <Filter>资源文件</Filter>
    </Image>
    <Image Include="Resource\钥匙蓝.bmp">
      <Filter>资源文件</Filter>
    </Image>
    <Image Include="Resource\钥匙绿.bmp">
      <Filter>资源文件</Filter>
    </Image>
    <Image Include="Resource\红宝箱.bmp">
      <Filter>资源文件</Filter>
    </Image>
    <Image Include="Resource\蓝宝箱.bmp">
      <Filter>资源文件</Filter>
    </Image>
    <Image Include="Resource\绿宝箱.bmp">
      <Filter>资源文件</Filter>
    </Image>
    <Image Include="Resource\prompt.bmp">
      <Filter>资源文件</Filter>
    </Image>
    <Image Include="Resource\退出.bmp">
      <Filter>资源文件</Filter>
    </Image>
    <Image Include="Resource\界面.bmp">
      <Filter>资源文件</Filter>
    </Image>
    <Image Include="Resource\开始.bmp">
      <Filter>资源文件</Filter>
    </Image>
    <Image Include="Resource\对话.bmp">
      <Filter>资源文件</Filter>
    </Image>
    <Image Include="Resource\唐僧.bmp">
      <Filter>资源文件</Filter>
    </Image>
    <Image Include="Resource\悟空.bmp">
      <Filter>资源文件</Filter>
    </Image>
    <Image Include="Resource\虎.bmp">
      <Filter>资源文件</Filter>
    </Image>
    <Image Include="Resource\担山赶月.bmp">
      <Filter>资源文件</Filter>
    </Image>
    <Image Include="Resource\筋斗云.bmp">
      <Filter>资源文件</Filter>
    </Image>
    <Image Include="Resource\缩地成寸.bmp">
      <Filter>资源文件</Filter>
    </Image>
    <Image Include="Resource\金刚之躯.bmp">
      <Filter>资源文件</Filter>
    </Image>
    <Image Include="Resource\孙悟空.bmp">
      <Filter>资源文件</Filter>
    </Image>
  </ItemGroup>
</Project>